
Microsoft Visual Studio Solution File, Format Version 12.00
# Visual Studio Version 17
VisualStudioVersion = 17.0.31912.275
MinimumVisualStudioVersion = 10.0.40219.1
Project("{FAE04EC0-301F-11D3-BF4B-00C04F79EFBC}") = "AppKi.Server", "AppKi\Server\AppKi.Server.csproj", "{4082C704-61A8-4B5C-8582-AE6C37B0BCA3}"
EndProject
Project("{FAE04EC0-301F-11D3-BF4B-00C04F79EFBC}") = "AppKi.Client", "AppKi\Client\AppKi.Client.csproj", "{605D2F38-182D-407A-8CB8-6278E211355C}"
EndProject
Project("{FAE04EC0-301F-11D3-BF4B-00C04F79EFBC}") = "AppKi.Shared", "AppKi\Shared\AppKi.Shared.csproj", "{BC000670-97C5-4640-8BC2-D14BFFD45409}"
EndProject
Project("{FAE04EC0-301F-11D3-BF4B-00C04F79EFBC}") = "ApiOne", "ApiOne\ApiOne.csproj", "{BFF3A0D8-1404-4ABF-8FA3-DC59F8CF3FE4}"
EndProject
Project("{FAE04EC0-301F-11D3-BF4B-00C04F79EFBC}") = "ApiTwo", "ApiTwo\ApiTwo.csproj", "{9BBD69FE-1108-488A-8586-6773E4243D60}"
EndProject
Project("{2150E333-8FDC-42A3-9474-1A3956D46DE8}") = "Api1", "Api1", "{920FED70-B0D8-4998-AB8A-F98C7C44A5D2}"
EndProject
Project("{2150E333-8FDC-42A3-9474-1A3956D46DE8}") = "Api2", "Api2", "{3F57101E-C628-44D1-9DC7-97A0FEBE2536}"
EndProject
Project("{FAE04EC0-301F-11D3-BF4B-00C04F79EFBC}") = "ApiOne.Client", "ApiOne.Client\ApiOne.Client.csproj", "{A5BFC14A-1C90-4210-AC38-3DD811684D14}"
EndProject
Project("{FAE04EC0-301F-11D3-BF4B-00C04F79EFBC}") = "ApiTwo.Client", "ApiTwo.Client\ApiTwo.Client.csproj", "{9CF8E21E-B608-4C68-902C-C9138DB6998D}"
EndProject
Global
	GlobalSection(SolutionConfigurationPlatforms) = preSolution
		Debug|Any CPU = Debug|Any CPU
		Release|Any CPU = Release|Any CPU
	EndGlobalSection
	GlobalSection(ProjectConfigurationPlatforms) = postSolution
		{4082C704-61A8-4B5C-8582-AE6C37B0BCA3}.Debug|Any CPU.ActiveCfg = Debug|Any CPU
		{4082C704-61A8-4B5C-8582-AE6C37B0BCA3}.Debug|Any CPU.Build.0 = Debug|Any CPU
		{4082C704-61A8-4B5C-8582-AE6C37B0BCA3}.Release|Any CPU.ActiveCfg = Release|Any CPU
		{4082C704-61A8-4B5C-8582-AE6C37B0BCA3}.Release|Any CPU.Build.0 = Release|Any CPU
		{605D2F38-182D-407A-8CB8-6278E211355C}.Debug|Any CPU.ActiveCfg = Debug|Any CPU
		{605D2F38-182D-407A-8CB8-6278E211355C}.Debug|Any CPU.Build.0 = Debug|Any CPU
		{605D2F38-182D-407A-8CB8-6278E211355C}.Release|Any CPU.ActiveCfg = Release|Any CPU
		{605D2F38-182D-407A-8CB8-6278E211355C}.Release|Any CPU.Build.0 = Release|Any CPU
		{BC000670-97C5-4640-8BC2-D14BFFD45409}.Debug|Any CPU.ActiveCfg = Debug|Any CPU
		{BC000670-97C5-4640-8BC2-D14BFFD45409}.Debug|Any CPU.Build.0 = Debug|Any CPU
		{BC000670-97C5-4640-8BC2-D14BFFD45409}.Release|Any CPU.ActiveCfg = Release|Any CPU
		{BC000670-97C5-4640-8BC2-D14BFFD45409}.Release|Any CPU.Build.0 = Release|Any CPU
		{BFF3A0D8-1404-4ABF-8FA3-DC59F8CF3FE4}.Debug|Any CPU.ActiveCfg = Debug|Any CPU
		{BFF3A0D8-1404-4ABF-8FA3-DC59F8CF3FE4}.Debug|Any CPU.Build.0 = Debug|Any CPU
		{BFF3A0D8-1404-4ABF-8FA3-DC59F8CF3FE4}.Release|Any CPU.ActiveCfg = Release|Any CPU
		{BFF3A0D8-1404-4ABF-8FA3-DC59F8CF3FE4}.Release|Any CPU.Build.0 = Release|Any CPU
		{9BBD69FE-1108-488A-8586-6773E4243D60}.Debug|Any CPU.ActiveCfg = Debug|Any CPU
		{9BBD69FE-1108-488A-8586-6773E4243D60}.Debug|Any CPU.Build.0 = Debug|Any CPU
		{9BBD69FE-1108-488A-8586-6773E4243D60}.Release|Any CPU.ActiveCfg = Release|Any CPU
		{9BBD69FE-1108-488A-8586-6773E4243D60}.Release|Any CPU.Build.0 = Release|Any CPU
		{A5BFC14A-1C90-4210-AC38-3DD811684D14}.Debug|Any CPU.ActiveCfg = Debug|Any CPU
		{A5BFC14A-1C90-4210-AC38-3DD811684D14}.Debug|Any CPU.Build.0 = Debug|Any CPU
		{A5BFC14A-1C90-4210-AC38-3DD811684D14}.Release|Any CPU.ActiveCfg = Release|Any CPU
		{A5BFC14A-1C90-4210-AC38-3DD811684D14}.Release|Any CPU.Build.0 = Release|Any CPU
		{9CF8E21E-B608-4C68-902C-C9138DB6998D}.Debug|Any CPU.ActiveCfg = Debug|Any CPU
		{9CF8E21E-B608-4C68-902C-C9138DB6998D}.Debug|Any CPU.Build.0 = Debug|Any CPU
		{9CF8E21E-B608-4C68-902C-C9138DB6998D}.Release|Any CPU.ActiveCfg = Release|Any CPU
		{9CF8E21E-B608-4C68-902C-C9138DB6998D}.Release|Any CPU.Build.0 = Release|Any CPU
	EndGlobalSection
	GlobalSection(SolutionProperties) = preSolution
		HideSolutionNode = FALSE
	EndGlobalSection
	GlobalSection(NestedProjects) = preSolution
		{BFF3A0D8-1404-4ABF-8FA3-DC59F8CF3FE4} = {920FED70-B0D8-4998-AB8A-F98C7C44A5D2}
		{9BBD69FE-1108-488A-8586-6773E4243D60} = {3F57101E-C628-44D1-9DC7-97A0FEBE2536}
		{A5BFC14A-1C90-4210-AC38-3DD811684D14} = {920FED70-B0D8-4998-AB8A-F98C7C44A5D2}
		{9CF8E21E-B608-4C68-902C-C9138DB6998D} = {3F57101E-C628-44D1-9DC7-97A0FEBE2536}
	EndGlobalSection
	GlobalSection(ExtensibilityGlobals) = postSolution
		SolutionGuid = {587C31D2-E098-4D6C-A99C-7CB8A0DF1872}
	EndGlobalSection
EndGlobal
